
Microsoft Visual Studio Solution File, Format Version 12.00
# Visual Studio Version 16
VisualStudioVersion = 16.0.30907.101
MinimumVisualStudioVersion = 10.0.40219.1
Project("{9A19103F-16F7-4668-BE54-9A1E7A4F7556}") = "CommentsOnly", "CommentsOnly\CommentsOnly.csproj", "{ADDDB339-42EF-4189-A6EC-1A09D3E7D587}"
EndProject
Project("{E53339B2-1760-4266-BCC7-CA923CBCF16C}") = "docker-compose", "docker-compose.dcproj", "{0B2B41EC-E84F-497F-B3FF-81DBA501AA85}"
EndProject
Global
	GlobalSection(SolutionConfigurationPlatforms) = preSolution
		Debug|Any CPU = Debug|Any CPU
		Release|Any CPU = Release|Any CPU
	EndGlobalSection
	GlobalSection(ProjectConfigurationPlatforms) = postSolution
		{ADDDB339-42EF-4189-A6EC-1A09D3E7D587}.Debug|Any CPU.ActiveCfg = Debug|Any CPU
		{ADDDB339-42EF-4189-A6EC-1A09D3E7D587}.Debug|Any CPU.Build.0 = Debug|Any CPU
		{ADDDB339-42EF-4189-A6EC-1A09D3E7D587}.Release|Any CPU.ActiveCfg = Release|Any CPU
		{ADDDB339-42EF-4189-A6EC-1A09D3E7D587}.Release|Any CPU.Build.0 = Release|Any CPU
		{0B2B41EC-E84F-497F-B3FF-81DBA501AA85}.Debug|Any CPU.ActiveCfg = Debug|Any CPU
		{0B2B41EC-E84F-497F-B3FF-81DBA501AA85}.Debug|Any CPU.Build.0 = Debug|Any CPU
		{0B2B41EC-E84F-497F-B3FF-81DBA501AA85}.Release|Any CPU.ActiveCfg = Release|Any CPU
		{0B2B41EC-E84F-497F-B3FF-81DBA501AA85}.Release|Any CPU.Build.0 = Release|Any CPU
	EndGlobalSection
	GlobalSection(SolutionProperties) = preSolution
		HideSolutionNode = FALSE
	EndGlobalSection
	GlobalSection(ExtensibilityGlobals) = postSolution
		SolutionGuid = {457C8F0A-274C-4FDE-A013-9F6AB79AB49F}
	EndGlobalSection
EndGlobal
